<?xml version="1.0" encoding="utf-8"?>
<Project ToolsVersion="4.0" xmlns="http://schemas.microsoft.com/developer/msbuild/2003">
  <ItemGroup>
    <Filter Include="源文件">
      <UniqueIdentifier>{4FC737F1-C7A5-4376-A066-2A32D752A2FF}</UniqueIdentifier>
      <Extensions>cpp;c;cc;cxx;c++;cppm;ixx;def;odl;idl;hpj;bat;asm;asmx</Extensions>
    </Filter>
    <Filter Include="头文件">
      <UniqueIdentifier>{93995380-89BD-4b04-88EB-625FBE52EBFB}</UniqueIdentifier>
      <Extensions>h;hh;hpp;hxx;h++;hm;inl;inc;ipp;xsd</Extensions>
    </Filter>
    <Filter Include="资源文件">
      <UniqueIdentifier>{67DA6AB6-F800-4c08-8B7A-83BB121AAD01}</UniqueIdentifier>
      <Extensions>rc;ico;cur;bmp;dlg;rc2;rct;bin;rgs;gif;jpg;jpeg;jpe;resx;tiff;tif;png;wav;mfcribbon-ms</Extensions>
    </Filter>
  </ItemGroup>
  <ItemGroup>
    <ClCompile Include="src\Action.cpp">
      <Filter>源文件</Filter>
    </ClCompile>
    <ClCompile Include="src\base.cpp">
      <Filter>源文件</Filter>
    </ClCompile>
    <ClCompile Include="src\buffer.cpp">
      <Filter>源文件</Filter>
    </ClCompile>
    <ClCompile Include="src\CAction.cpp">
      <Filter>源文件</Filter>
    </ClCompile>
    <ClCompile Include="src\code.cpp">
      <Filter>源文件</Filter>
    </ClCompile>
    <ClCompile Include="src\control.cpp">
      <Filter>源文件</Filter>
    </ClCompile>
    <ClCompile Include="src\CppAction.cpp">
      <Filter>源文件</Filter>
    </ClCompile>
    <ClCompile Include="src\CppTable.cpp">
      <Filter>源文件</Filter>
    </ClCompile>
    <ClCompile Include="src\CTable.cpp">
      <Filter>源文件</Filter>
    </ClCompile>
    <ClCompile Include="src\dfa.cpp">
      <Filter>源文件</Filter>
    </ClCompile>
    <ClCompile Include="src\diagnose.cpp">
      <Filter>源文件</Filter>
    </ClCompile>
    <ClCompile Include="src\dump.cpp">
      <Filter>源文件</Filter>
    </ClCompile>
    <ClCompile Include="src\generator.cpp">
      <Filter>源文件</Filter>
    </ClCompile>
    <ClCompile Include="src\grammar.cpp">
      <Filter>源文件</Filter>
    </ClCompile>
    <ClCompile Include="src\JavaAction.cpp">
      <Filter>源文件</Filter>
    </ClCompile>
    <ClCompile Include="src\JavaTable.cpp">
      <Filter>源文件</Filter>
    </ClCompile>
    <ClCompile Include="src\jikespg.cpp">
      <Filter>源文件</Filter>
    </ClCompile>
    <ClCompile Include="src\jikespg_act.cpp">
      <Filter>源文件</Filter>
    </ClCompile>
    <ClCompile Include="src\jikespg_init.cpp">
      <Filter>源文件</Filter>
    </ClCompile>
    <ClCompile Include="src\jikespg_prs.cpp">
      <Filter>源文件</Filter>
    </ClCompile>
    <ClCompile Include="src\LexStream.cpp">
      <Filter>源文件</Filter>
    </ClCompile>
    <ClCompile Include="src\option.cpp">
      <Filter>源文件</Filter>
    </ClCompile>
    <ClCompile Include="src\optionDesc.cpp">
      <Filter>源文件</Filter>
    </ClCompile>
    <ClCompile Include="src\optionParser.cpp">
      <Filter>源文件</Filter>
    </ClCompile>
    <ClCompile Include="src\options.cpp">
      <Filter>源文件</Filter>
    </ClCompile>
    <ClCompile Include="src\optionValues.cpp">
      <Filter>源文件</Filter>
    </ClCompile>
    <ClCompile Include="src\parser.cpp">
      <Filter>源文件</Filter>
    </ClCompile>
    <ClCompile Include="src\pda.cpp">
      <Filter>源文件</Filter>
    </ClCompile>
    <ClCompile Include="src\produce.cpp">
      <Filter>源文件</Filter>
    </ClCompile>
    <ClCompile Include="src\resolve.cpp">
      <Filter>源文件</Filter>
    </ClCompile>
    <ClCompile Include="src\scanner.cpp">
      <Filter>源文件</Filter>
    </ClCompile>
    <ClCompile Include="src\sp.cpp">
      <Filter>源文件</Filter>
    </ClCompile>
    <ClCompile Include="src\symbol.cpp">
      <Filter>源文件</Filter>
    </ClCompile>
    <ClCompile Include="src\tab.cpp">
      <Filter>源文件</Filter>
    </ClCompile>
    <ClCompile Include="src\table.cpp">
      <Filter>源文件</Filter>
    </ClCompile>
    <ClCompile Include="src\util.cpp">
      <Filter>源文件</Filter>
    </ClCompile>
    <ClCompile Include="src\MlAction.cpp">
      <Filter>源文件</Filter>
    </ClCompile>
    <ClCompile Include="src\MlTable.cpp">
      <Filter>源文件</Filter>
    </ClCompile>
    <ClCompile Include="src\PlxAction.cpp">
      <Filter>源文件</Filter>
    </ClCompile>
    <ClCompile Include="src\PlxasmAction.cpp">
      <Filter>源文件</Filter>
    </ClCompile>
    <ClCompile Include="src\PlxasmTable.cpp">
      <Filter>源文件</Filter>
    </ClCompile>
    <ClCompile Include="src\PlxTable.cpp">
      <Filter>源文件</Filter>
    </ClCompile>
    <ClCompile Include="src\XmlAction.cpp">
      <Filter>源文件</Filter>
    </ClCompile>
    <ClCompile Include="src\XmlTable.cpp">
      <Filter>源文件</Filter>
    </ClCompile>
    <ClCompile Include="src\CppAction2.cpp">
      <Filter>源文件</Filter>
    </ClCompile>
    <ClCompile Include="src\CppTable2.cpp">
      <Filter>源文件</Filter>
    </ClCompile>
    <ClCompile Include="src\CSharpAction.cpp">
      <Filter>源文件</Filter>
    </ClCompile>
    <ClCompile Include="src\CSharpTable.cpp">
      <Filter>源文件</Filter>
    </ClCompile>
    <ClCompile Include="src\TypeScriptAction.cpp">
      <Filter>源文件</Filter>
    </ClCompile>
    <ClCompile Include="src\TypeScriptTable.cpp">
      <Filter>源文件</Filter>
    </ClCompile>
    <ClCompile Include="src\Python3Table.cpp">
      <Filter>源文件</Filter>
    </ClCompile>
    <ClCompile Include="src\Python3Action.cpp">
      <Filter>源文件</Filter>
    </ClCompile>
    <ClCompile Include="src\Python2Action.cpp">
      <Filter>源文件</Filter>
    </ClCompile>
    <ClCompile Include="src\Python2Table.cpp">
      <Filter>源文件</Filter>
    </ClCompile>
    <ClCompile Include="src\DartTable.cpp">
      <Filter>源文件</Filter>
    </ClCompile>
    <ClCompile Include="src\DartAction.cpp">
      <Filter>源文件</Filter>
    </ClCompile>
    <ClCompile Include="src\GoTable.cpp">
      <Filter>源文件</Filter>
    </ClCompile>
    <ClCompile Include="src\GoAction.cpp">
      <Filter>源文件</Filter>
    </ClCompile>
    <ClCompile Include="src\AOVSort.cpp">
      <Filter>源文件</Filter>
    </ClCompile>
  </ItemGroup>
  <ItemGroup>
    <ClInclude Include="src\Action.h">
      <Filter>头文件</Filter>
    </ClInclude>
    <ClInclude Include="src\base.h">
      <Filter>头文件</Filter>
    </ClInclude>
    <ClInclude Include="src\blocks.h">
      <Filter>头文件</Filter>
    </ClInclude>
    <ClInclude Include="src\buffer.h">
      <Filter>头文件</Filter>
    </ClInclude>
    <ClInclude Include="src\CAction.h">
      <Filter>头文件</Filter>
    </ClInclude>
    <ClInclude Include="src\code.h">
      <Filter>头文件</Filter>
    </ClInclude>
    <ClInclude Include="src\control.h">
      <Filter>头文件</Filter>
    </ClInclude>
    <ClInclude Include="src\CppAction.h">
      <Filter>头文件</Filter>
    </ClInclude>
    <ClInclude Include="src\CppTable.h">
      <Filter>头文件</Filter>
    </ClInclude>
    <ClInclude Include="src\CTable.h">
      <Filter>头文件</Filter>
    </ClInclude>
    <ClInclude Include="src\CTC.h">
      <Filter>头文件</Filter>
    </ClInclude>
    <ClInclude Include="src\dfa.h">
      <Filter>头文件</Filter>
    </ClInclude>
    <ClInclude Include="src\diagnose.h">
      <Filter>头文件</Filter>
    </ClInclude>
    <ClInclude Include="src\frequency.h">
      <Filter>头文件</Filter>
    </ClInclude>
    <ClInclude Include="src\generator.h">
      <Filter>头文件</Filter>
    </ClInclude>
    <ClInclude Include="src\grammar.h">
      <Filter>头文件</Filter>
    </ClInclude>
    <ClInclude Include="src\JavaAction.h">
      <Filter>头文件</Filter>
    </ClInclude>
    <ClInclude Include="src\JavaTable.h">
      <Filter>头文件</Filter>
    </ClInclude>
    <ClInclude Include="src\jikespg_act.h">
      <Filter>头文件</Filter>
    </ClInclude>
    <ClInclude Include="src\jikespg_prs.h">
      <Filter>头文件</Filter>
    </ClInclude>
    <ClInclude Include="src\jikespg_sym.h">
      <Filter>头文件</Filter>
    </ClInclude>
    <ClInclude Include="src\LCA.h">
      <Filter>头文件</Filter>
    </ClInclude>
    <ClInclude Include="src\LexStream.h">
      <Filter>头文件</Filter>
    </ClInclude>
    <ClInclude Include="src\node.h">
      <Filter>头文件</Filter>
    </ClInclude>
    <ClInclude Include="src\NTC.h">
      <Filter>头文件</Filter>
    </ClInclude>
    <ClInclude Include="src\option.h">
      <Filter>头文件</Filter>
    </ClInclude>
    <ClInclude Include="src\options.h">
      <Filter>头文件</Filter>
    </ClInclude>
    <ClInclude Include="src\parser.h">
      <Filter>头文件</Filter>
    </ClInclude>
    <ClInclude Include="src\partition.h">
      <Filter>头文件</Filter>
    </ClInclude>
    <ClInclude Include="src\pda.h">
      <Filter>头文件</Filter>
    </ClInclude>
    <ClInclude Include="src\produce.h">
      <Filter>头文件</Filter>
    </ClInclude>
    <ClInclude Include="src\resolve.h">
      <Filter>头文件</Filter>
    </ClInclude>
    <ClInclude Include="src\scanner.h">
      <Filter>头文件</Filter>
    </ClInclude>
    <ClInclude Include="src\set.h">
      <Filter>头文件</Filter>
    </ClInclude>
    <ClInclude Include="src\sp.h">
      <Filter>头文件</Filter>
    </ClInclude>
    <ClInclude Include="src\spell.h">
      <Filter>头文件</Filter>
    </ClInclude>
    <ClInclude Include="src\Stacks.h">
      <Filter>头文件</Filter>
    </ClInclude>
    <ClInclude Include="src\symbol.h">
      <Filter>头文件</Filter>
    </ClInclude>
    <ClInclude Include="src\tab.h">
      <Filter>头文件</Filter>
    </ClInclude>
    <ClInclude Include="src\table.h">
      <Filter>头文件</Filter>
    </ClInclude>
    <ClInclude Include="src\TTC.h">
      <Filter>头文件</Filter>
    </ClInclude>
    <ClInclude Include="src\tuple.h">
      <Filter>头文件</Filter>
    </ClInclude>
    <ClInclude Include="src\util.h">
      <Filter>头文件</Filter>
    </ClInclude>
    <ClInclude Include="src\MlAction.h">
      <Filter>头文件</Filter>
    </ClInclude>
    <ClInclude Include="src\MlTable.h">
      <Filter>头文件</Filter>
    </ClInclude>
    <ClInclude Include="src\PlxAction.h">
      <Filter>头文件</Filter>
    </ClInclude>
    <ClInclude Include="src\PlxasmAction.h">
      <Filter>头文件</Filter>
    </ClInclude>
    <ClInclude Include="src\PlxasmTable.h">
      <Filter>头文件</Filter>
    </ClInclude>
    <ClInclude Include="src\PlxTable.h">
      <Filter>头文件</Filter>
    </ClInclude>
    <ClInclude Include="src\XmlAction.h">
      <Filter>头文件</Filter>
    </ClInclude>
    <ClInclude Include="src\XmlTable.h">
      <Filter>头文件</Filter>
    </ClInclude>
    <ClInclude Include="src\CppAction2.h">
      <Filter>头文件</Filter>
    </ClInclude>
    <ClInclude Include="src\CppTable2.h">
      <Filter>头文件</Filter>
    </ClInclude>
    <ClInclude Include="src\CSharpAction.h">
      <Filter>头文件</Filter>
    </ClInclude>
    <ClInclude Include="src\CSharpTable.h">
      <Filter>头文件</Filter>
    </ClInclude>
    <ClInclude Include="src\TypeScriptAction.h">
      <Filter>头文件</Filter>
    </ClInclude>
    <ClInclude Include="src\TypeScriptTable.h">
      <Filter>头文件</Filter>
    </ClInclude>
    <ClInclude Include="src\Python3Table.h">
      <Filter>头文件</Filter>
    </ClInclude>
    <ClInclude Include="src\Python3Action.h">
      <Filter>头文件</Filter>
    </ClInclude>
    <ClInclude Include="src\Python2Action.h">
      <Filter>头文件</Filter>
    </ClInclude>
    <ClInclude Include="src\Python2Table.h">
      <Filter>头文件</Filter>
    </ClInclude>
    <ClInclude Include="src\DartTable.h">
      <Filter>头文件</Filter>
    </ClInclude>
    <ClInclude Include="src\DartAction.h">
      <Filter>头文件</Filter>
    </ClInclude>
    <ClInclude Include="src\GoTable.h">
      <Filter>头文件</Filter>
    </ClInclude>
    <ClInclude Include="src\GoAction.h">
      <Filter>头文件</Filter>
    </ClInclude>
    <ClInclude Include="src\AOVSort.h">
      <Filter>头文件</Filter>
    </ClInclude>
  </ItemGroup>
  <ItemGroup>
    <None Include="src\Makefile" />
    <None Include="src\MakeRules" />
    <None Include="src\MakeRules.aix" />
    <None Include="src\MakeRules.cygwin" />
    <None Include="src\MakeRules.generic" />
    <None Include="src\MakeRules.linux_x86" />
    <None Include="src\MakeRules.linux_x86_64" />
    <None Include="src\MakeRules.macosx_x86" />
    <None Include="src\MakeRules.macosx_x86_64" />
  </ItemGroup>
</Project>